# This file is automatically @generated by Cargo.
# It is not intended for manual editing.
[[package]]
name = "getmal"
version = "0.1.0"
dependencies = [
 "roxmltree 0.9.1 (registry+https://github.com/rust-lang/crates.io-index)",
]

[[package]]
name = "roxmltree"
version = "0.9.1"
source = "registry+https://github.com/rust-lang/crates.io-index"
dependencies = [
 "xmlparser 0.13.0 (registry+https://github.com/rust-lang/crates.io-index)",
]

[[package]]
name = "xmlparser"
version = "0.13.0"
source = "registry+https://github.com/rust-lang/crates.io-index"

[metadata]
"checksum roxmltree 0.9.1 (registry+https://github.com/rust-lang/crates.io-index)" = "99d696b20b92d3e02e08fd8456f0ab03007c99e6b111a6205b9cb6fc044d0957"
"checksum xmlparser 0.13.0 (registry+https://github.com/rust-lang/crates.io-index)" = "b16981128b9e811347d0e72c25b2b22773da22b6dc30282846ad50427e89ba97"
